PODS:
  - Alamofire (5.6.2)
  - FLEX (5.22.10)
  - RxBlocking (6.5.0):
    - RxSwift (= 6.5.0)
  - RxCocoa (6.5.0):
    - RxRelay (= 6.5.0)
    - RxSwift (= 6.5.0)
  - RxRelay (6.5.0):
    - RxSwift (= 6.5.0)
  - RxSwift (6.5.0)
  - RxTest (6.5.0):
    - RxSwift (= 6.5.0)

DEPENDENCIES:
  - Alamofire
  - FLEX
  - RxBlocking (= 6.5.0)
  - RxCocoa (= 6.5.0)
  - RxSwift (= 6.5.0)
  - RxTest (= 6.5.0)

SPEC REPOS:
  trunk:
    - Alamofire
    - FLEX
    - RxBlocking
    - RxCocoa
    - RxRelay
    - RxSwift
    - RxTest

SPEC CHECKSUMS:
  Alamofire: d368e1ff8a298e6dde360e35a3e68e6c610e7204
  FLEX: f21ee4f498eed3f8a1eded66b21939fd3b7a22ce
  RxBlocking: 04b5fd28bb5ea49f7d64b80db8bbfe50d9cc1c7d
  RxCocoa: 94f817b71c07517321eb4f9ad299112ca8af743b
  RxRelay: 1de1523e604c72b6c68feadedd1af3b1b4d0ecbd
  RxSwift: 5710a9e6b17f3c3d6e40d6e559b9fa1e813b2ef8
  RxTest: eb2d23adefc5a5ebf5779c7792fa3edfe6ebcc17

PODFILE CHECKSUM: 899698e8a51eed7fcda50a6d6dae9961ee5a827e

COCOAPODS: 1.11.3
