PODS:
  - Alamofire (5.6.2)
  - Cuckoo (1.9.1):
    - Cuckoo/Swift (= 1.9.1)
  - Cuckoo/Swift (1.9.1)
  - FLEX (5.22.10)
  - Nimble (10.0.0)
  - Quick (5.0.1)
  - RxBlocking (6.5.0):
    - RxSwift (= 6.5.0)
  - RxCocoa (6.5.0):
    - RxRelay (= 6.5.0)
    - RxSwift (= 6.5.0)
  - RxRelay (6.5.0):
    - RxSwift (= 6.5.0)
  - RxSwift (6.5.0)
  - RxTest (6.5.0):
    - RxSwift (= 6.5.0)

DEPENDENCIES:
  - Alamofire
  - Cuckoo
  - FLEX
  - Nimble
  - Quick
  - RxBlocking (= 6.5.0)
  - RxCocoa (= 6.5.0)
  - RxSwift (= 6.5.0)
  - RxTest (= 6.5.0)

SPEC REPOS:
  trunk:
    - Alamofire
    - Cuckoo
    - FLEX
    - Nimble
    - Quick
    - RxBlocking
    - RxCocoa
    - RxRelay
    - RxSwift
    - RxTest

SPEC CHECKSUMS:
  Alamofire: d368e1ff8a298e6dde360e35a3e68e6c610e7204
  Cuckoo: 1b6793fe60fac29af50b0a5915bc309a4a1ac673
  FLEX: f21ee4f498eed3f8a1eded66b21939fd3b7a22ce
  Nimble: 5316ef81a170ce87baf72dd961f22f89a602ff84
  Quick: 749aa754fd1e7d984f2000fe051e18a3a9809179
  RxBlocking: 04b5fd28bb5ea49f7d64b80db8bbfe50d9cc1c7d
  RxCocoa: 94f817b71c07517321eb4f9ad299112ca8af743b
  RxRelay: 1de1523e604c72b6c68feadedd1af3b1b4d0ecbd
  RxSwift: 5710a9e6b17f3c3d6e40d6e559b9fa1e813b2ef8
  RxTest: eb2d23adefc5a5ebf5779c7792fa3edfe6ebcc17

PODFILE CHECKSUM: 0f3595cff87249595771dbc0649f82c20d792821

COCOAPODS: 1.11.3
