// !$*UTF8*$!
{
	archiveVersion = 1;
	classes = {
	};
	objectVersion = 56;
	objects = {

/* Begin PBXBuildFile section */
		17BFB279BC0FC9912CCAC1CF /* Pods_CurrencyConverter_CurrencyConverterUITests.framework in Frameworks */ = {isa = PBXBuildFile; fileRef = 612FE10379733AEDCA46BDA0 /* Pods_CurrencyConverter_CurrencyConverterUITests.framework */; };
		4ECBDDE6CF25159C75549049 /* Pods_CurrencyConverterTests.framework in Frameworks */ = {isa = PBXBuildFile; fileRef = 5FD6E93427368371DE3CDC99 /* Pods_CurrencyConverterTests.framework */; };
		9329AF7A2982D73C004862D5 /* AppDelegate.swift in Sources */ = {isa = PBXBuildFile; fileRef = 9329AF792982D73C004862D5 /* AppDelegate.swift */; };
		9329AF7C2982D73C004862D5 /* SceneDelegate.swift in Sources */ = {isa = PBXBuildFile; fileRef = 9329AF7B2982D73C004862D5 /* SceneDelegate.swift */; };
		9329AF842982D73C004862D5 /* CurrencyConverter.xcdatamodeld in Sources */ = {isa = PBXBuildFile; fileRef = 9329AF822982D73C004862D5 /* CurrencyConverter.xcdatamodeld */; };
		9329AF862982D73D004862D5 /* Assets.xcassets in Resources */ = {isa = PBXBuildFile; fileRef = 9329AF852982D73D004862D5 /* Assets.xcassets */; };
		9329AF892982D73D004862D5 /* LaunchScreen.storyboard in Resources */ = {isa = PBXBuildFile; fileRef = 9329AF872982D73D004862D5 /* LaunchScreen.storyboard */; };
		9329AF9E2982D73D004862D5 /* CurrencyConverterUITests.swift in Sources */ = {isa = PBXBuildFile; fileRef = 9329AF9D2982D73D004862D5 /* CurrencyConverterUITests.swift */; };
		9329AFA02982D73D004862D5 /* CurrencyConverterUITestsLaunchTests.swift in Sources */ = {isa = PBXBuildFile; fileRef = 9329AF9F2982D73D004862D5 /* CurrencyConverterUITestsLaunchTests.swift */; };
		9329AFB42982E24F004862D5 /* CurrencyConverterViewController.swift in Sources */ = {isa = PBXBuildFile; fileRef = 9329AFB22982E24F004862D5 /* CurrencyConverterViewController.swift */; };
		9329AFB52982E24F004862D5 /* CurrencyConverterViewController.xib in Resources */ = {isa = PBXBuildFile; fileRef = 9329AFB32982E24F004862D5 /* CurrencyConverterViewController.xib */; };
		9329AFB82982E539004862D5 /* GradientView.swift in Sources */ = {isa = PBXBuildFile; fileRef = 9329AFB72982E539004862D5 /* GradientView.swift */; };
		9329AFBA2982E732004862D5 /* TextFieldView.swift in Sources */ = {isa = PBXBuildFile; fileRef = 9329AFB92982E732004862D5 /* TextFieldView.swift */; };
		9329AFBC2982EB83004862D5 /* TextFieldView.xib in Resources */ = {isa = PBXBuildFile; fileRef = 9329AFBB2982EB83004862D5 /* TextFieldView.xib */; };
		9329AFC42983C439004862D5 /* CurrencyConverterPresenter.swift in Sources */ = {isa = PBXBuildFile; fileRef = 9329AFC32983C439004862D5 /* CurrencyConverterPresenter.swift */; };
		9329AFCE2983CE42004862D5 /* CurrencyRatesResponse.swift in Sources */ = {isa = PBXBuildFile; fileRef = 9329AFCD2983CE42004862D5 /* CurrencyRatesResponse.swift */; };
		9329AFD02983CEBB004862D5 /* CurrencyConverterInteractor.swift in Sources */ = {isa = PBXBuildFile; fileRef = 9329AFCF2983CEBB004862D5 /* CurrencyConverterInteractor.swift */; };
		9329AFD32983CF3A004862D5 /* CurrencyRatesViewParam.swift in Sources */ = {isa = PBXBuildFile; fileRef = 9329AFD22983CF3A004862D5 /* CurrencyRatesViewParam.swift */; };
		9329AFD52983CFA3004862D5 /* CurrencySymbolsViewParam.swift in Sources */ = {isa = PBXBuildFile; fileRef = 9329AFD42983CFA3004862D5 /* CurrencySymbolsViewParam.swift */; };
		9329AFD72983D0AE004862D5 /* CurrencyConverterInteractorImpl.swift in Sources */ = {isa = PBXBuildFile; fileRef = 9329AFD62983D0AE004862D5 /* CurrencyConverterInteractorImpl.swift */; };
		9329AFD92983D150004862D5 /* CurrencyConverterApi.swift in Sources */ = {isa = PBXBuildFile; fileRef = 9329AFD82983D150004862D5 /* CurrencyConverterApi.swift */; };
		9329AFDC2983D4E2004862D5 /* CurrencyRates.swift in Sources */ = {isa = PBXBuildFile; fileRef = 9329AFDB2983D4E2004862D5 /* CurrencyRates.swift */; };
		9329AFDE2983D521004862D5 /* CurrencySymbols.swift in Sources */ = {isa = PBXBuildFile; fileRef = 9329AFDD2983D521004862D5 /* CurrencySymbols.swift */; };
		9329AFE02983D54E004862D5 /* CurrencyConverterApiImpl.swift in Sources */ = {isa = PBXBuildFile; fileRef = 9329AFDF2983D54E004862D5 /* CurrencyConverterApiImpl.swift */; };
		9329AFE729840AF9004862D5 /* CurrencyTableViewCell.swift in Sources */ = {isa = PBXBuildFile; fileRef = 9329AFE529840AF9004862D5 /* CurrencyTableViewCell.swift */; };
		9329AFE829840AF9004862D5 /* CurrencyTableViewCell.xib in Resources */ = {isa = PBXBuildFile; fileRef = 9329AFE629840AF9004862D5 /* CurrencyTableViewCell.xib */; };
		9329AFEA29840D73004862D5 /* CurrencyCellViewParam.swift in Sources */ = {isa = PBXBuildFile; fileRef = 9329AFE929840D73004862D5 /* CurrencyCellViewParam.swift */; };
		9329AFED298416FB004862D5 /* CurrencySelectionViewController.swift in Sources */ = {isa = PBXBuildFile; fileRef = 9329AFEB298416FB004862D5 /* CurrencySelectionViewController.swift */; };
		9329AFEE298416FB004862D5 /* CurrencySelectionViewController.xib in Resources */ = {isa = PBXBuildFile; fileRef = 9329AFEC298416FB004862D5 /* CurrencySelectionViewController.xib */; };
		9329AFF029841D07004862D5 /* CurrencySelectionPresenter.swift in Sources */ = {isa = PBXBuildFile; fileRef = 9329AFEF29841D07004862D5 /* CurrencySelectionPresenter.swift */; };
		9329AFF3298426A8004862D5 /* String+Extensions.swift in Sources */ = {isa = PBXBuildFile; fileRef = 9329AFF2298426A8004862D5 /* String+Extensions.swift */; };
		9329AFF529844481004862D5 /* CurrencyConverterCoreDataInteractor.swift in Sources */ = {isa = PBXBuildFile; fileRef = 9329AFF429844481004862D5 /* CurrencyConverterCoreDataInteractor.swift */; };
		9329AFF729844517004862D5 /* CurrencyConverterCoreDataInteractorImpl.swift in Sources */ = {isa = PBXBuildFile; fileRef = 9329AFF629844517004862D5 /* CurrencyConverterCoreDataInteractorImpl.swift */; };
		9329AFF92984457A004862D5 /* CurrencyConverterCoreData.swift in Sources */ = {isa = PBXBuildFile; fileRef = 9329AFF82984457A004862D5 /* CurrencyConverterCoreData.swift */; };
		9329AFFB2984463C004862D5 /* CurrencyConverterCoreDataImpl.swift in Sources */ = {isa = PBXBuildFile; fileRef = 9329AFFA2984463C004862D5 /* CurrencyConverterCoreDataImpl.swift */; };
		9329AFFD29845C0D004862D5 /* Date+Extensions.swift in Sources */ = {isa = PBXBuildFile; fileRef = 9329AFFC29845C0D004862D5 /* Date+Extensions.swift */; };
		9329B0022985287D004862D5 /* TextFieldType.swift in Sources */ = {isa = PBXBuildFile; fileRef = 9329B0012985287D004862D5 /* TextFieldType.swift */; };
		9329B00429852939004862D5 /* CurrencySelectionPresenterTests.swift in Sources */ = {isa = PBXBuildFile; fileRef = 9329B00329852939004862D5 /* CurrencySelectionPresenterTests.swift */; };
		9329B00529852940004862D5 /* CurrencySelectionPresenter.swift in Sources */ = {isa = PBXBuildFile; fileRef = 9329AFEF29841D07004862D5 /* CurrencySelectionPresenter.swift */; };
		9329B00629852943004862D5 /* CurrencyConverterPresenter.swift in Sources */ = {isa = PBXBuildFile; fileRef = 9329AFC32983C439004862D5 /* CurrencyConverterPresenter.swift */; };
		9329B0072985294B004862D5 /* CurrencyRates.swift in Sources */ = {isa = PBXBuildFile; fileRef = 9329AFDB2983D4E2004862D5 /* CurrencyRates.swift */; };
		9329B0082985294B004862D5 /* CurrencySymbols.swift in Sources */ = {isa = PBXBuildFile; fileRef = 9329AFDD2983D521004862D5 /* CurrencySymbols.swift */; };
		9329B00929852950004862D5 /* CurrencySymbolsViewParam.swift in Sources */ = {isa = PBXBuildFile; fileRef = 9329AFD42983CFA3004862D5 /* CurrencySymbolsViewParam.swift */; };
		9329B00A29852950004862D5 /* CurrencyCellViewParam.swift in Sources */ = {isa = PBXBuildFile; fileRef = 9329AFE929840D73004862D5 /* CurrencyCellViewParam.swift */; };
		9329B00B29852950004862D5 /* CurrencyRatesViewParam.swift in Sources */ = {isa = PBXBuildFile; fileRef = 9329AFD22983CF3A004862D5 /* CurrencyRatesViewParam.swift */; };
		9329B00C29852954004862D5 /* CurrencyRatesResponse.swift in Sources */ = {isa = PBXBuildFile; fileRef = 9329AFCD2983CE42004862D5 /* CurrencyRatesResponse.swift */; };
		9329B00D2985295A004862D5 /* CurrencyConverterInteractor.swift in Sources */ = {isa = PBXBuildFile; fileRef = 9329AFCF2983CEBB004862D5 /* CurrencyConverterInteractor.swift */; };
		9329B00E2985295A004862D5 /* CurrencyConverterCoreDataInteractor.swift in Sources */ = {isa = PBXBuildFile; fileRef = 9329AFF429844481004862D5 /* CurrencyConverterCoreDataInteractor.swift */; };
		9329B00F2985295A004862D5 /* CurrencyConverterCoreDataInteractorImpl.swift in Sources */ = {isa = PBXBuildFile; fileRef = 9329AFF629844517004862D5 /* CurrencyConverterCoreDataInteractorImpl.swift */; };
		9329B0102985295A004862D5 /* CurrencyConverterInteractorImpl.swift in Sources */ = {isa = PBXBuildFile; fileRef = 9329AFD62983D0AE004862D5 /* CurrencyConverterInteractorImpl.swift */; };
		9329B0112985295F004862D5 /* CurrencyConverterCoreData.swift in Sources */ = {isa = PBXBuildFile; fileRef = 9329AFF82984457A004862D5 /* CurrencyConverterCoreData.swift */; };
		9329B0122985295F004862D5 /* CurrencyConverterApi.swift in Sources */ = {isa = PBXBuildFile; fileRef = 9329AFD82983D150004862D5 /* CurrencyConverterApi.swift */; };
		9329B0132985295F004862D5 /* CurrencyConverterCoreDataImpl.swift in Sources */ = {isa = PBXBuildFile; fileRef = 9329AFFA2984463C004862D5 /* CurrencyConverterCoreDataImpl.swift */; };
		9329B0142985295F004862D5 /* CurrencyConverterApiImpl.swift in Sources */ = {isa = PBXBuildFile; fileRef = 9329AFDF2983D54E004862D5 /* CurrencyConverterApiImpl.swift */; };
		9329B01529852964004862D5 /* Date+Extensions.swift in Sources */ = {isa = PBXBuildFile; fileRef = 9329AFFC29845C0D004862D5 /* Date+Extensions.swift */; };
		9329B01629852964004862D5 /* String+Extensions.swift in Sources */ = {isa = PBXBuildFile; fileRef = 9329AFF2298426A8004862D5 /* String+Extensions.swift */; };
		9329B01829852985004862D5 /* CurrencyConverterPresenterTests.swift in Sources */ = {isa = PBXBuildFile; fileRef = 9329B01729852985004862D5 /* CurrencyConverterPresenterTests.swift */; };
		9329B01A298529BD004862D5 /* CurrencyConverterInteractorTests.swift in Sources */ = {isa = PBXBuildFile; fileRef = 9329B019298529BD004862D5 /* CurrencyConverterInteractorTests.swift */; };
		9329B01C298529CE004862D5 /* CurrencyConverterCoreDataInteractorTests.swift in Sources */ = {isa = PBXBuildFile; fileRef = 9329B01B298529CE004862D5 /* CurrencyConverterCoreDataInteractorTests.swift */; };
		9329B01D29852C4E004862D5 /* CurrencyConverter.xcdatamodeld in Sources */ = {isa = PBXBuildFile; fileRef = 9329AF822982D73C004862D5 /* CurrencyConverter.xcdatamodeld */; };
		9329B0222985493D004862D5 /* String+ExtensionsTests.swift in Sources */ = {isa = PBXBuildFile; fileRef = 9329B0212985493D004862D5 /* String+ExtensionsTests.swift */; };
		9329B02429854953004862D5 /* Date+ExtensionsTests.swift in Sources */ = {isa = PBXBuildFile; fileRef = 9329B02329854953004862D5 /* Date+ExtensionsTests.swift */; };
		DD5CE26FE3110DE30C93B547 /* Pods_CurrencyConverter.framework in Frameworks */ = {isa = PBXBuildFile; fileRef = A88D545FF32B93BEF78F3AF0 /* Pods_CurrencyConverter.framework */; };
/* End PBXBuildFile section */

/* Begin PBXContainerItemProxy section */
		9329AF902982D73D004862D5 /* PBXContainerItemProxy */ = {
			isa = PBXContainerItemProxy;
			containerPortal = 9329AF6E2982D73C004862D5 /* Project object */;
			proxyType = 1;
			remoteGlobalIDString = 9329AF752982D73C004862D5;
			remoteInfo = CurrencyConverter;
		};
		9329AF9A2982D73D004862D5 /* PBXContainerItemProxy */ = {
			isa = PBXContainerItemProxy;
			containerPortal = 9329AF6E2982D73C004862D5 /* Project object */;
			proxyType = 1;
			remoteGlobalIDString = 9329AF752982D73C004862D5;
			remoteInfo = CurrencyConverter;
		};
/* End PBXContainerItemProxy section */

/* Begin PBXFileReference section */
		1D61511EC0FD78C3CEA03EE5 /* Pods-CurrencyConverter.debug.xcconfig */ = {isa = PBXFileReference; includeInIndex = 1; lastKnownFileType = text.xcconfig; name = "Pods-CurrencyConverter.debug.xcconfig"; path = "Target Support Files/Pods-CurrencyConverter/Pods-CurrencyConverter.debug.xcconfig"; sourceTree = "<group>"; };
		4AA092005D7B47527E3A0B6B /* Pods-CurrencyConverterTests.debug.xcconfig */ = {isa = PBXFileReference; includeInIndex = 1; lastKnownFileType = text.xcconfig; name = "Pods-CurrencyConverterTests.debug.xcconfig"; path = "Target Support Files/Pods-CurrencyConverterTests/Pods-CurrencyConverterTests.debug.xcconfig"; sourceTree = "<group>"; };
		5FD6E93427368371DE3CDC99 /* Pods_CurrencyConverterTests.framework */ = {isa = PBXFileReference; explicitFileType = wrapper.framework; includeInIndex = 0; path = Pods_CurrencyConverterTests.framework; sourceTree = BUILT_PRODUCTS_DIR; };
		612FE10379733AEDCA46BDA0 /* Pods_CurrencyConverter_CurrencyConverterUITests.framework */ = {isa = PBXFileReference; explicitFileType = wrapper.framework; includeInIndex = 0; path = Pods_CurrencyConverter_CurrencyConverterUITests.framework; sourceTree = BUILT_PRODUCTS_DIR; };
		7ACDDD606C87C6CBE363EEEA /* Pods-CurrencyConverterTests.release.xcconfig */ = {isa = PBXFileReference; includeInIndex = 1; lastKnownFileType = text.xcconfig; name = "Pods-CurrencyConverterTests.release.xcconfig"; path = "Target Support Files/Pods-CurrencyConverterTests/Pods-CurrencyConverterTests.release.xcconfig"; sourceTree = "<group>"; };
		9329AF762982D73C004862D5 /* CurrencyConverter.app */ = {isa = PBXFileReference; explicitFileType = wrapper.application; includeInIndex = 0; path = CurrencyConverter.app; sourceTree = BUILT_PRODUCTS_DIR; };
		9329AF792982D73C004862D5 /* AppDelegate.swift */ = {isa = PBXFileReference; lastKnownFileType = sourcecode.swift; path = AppDelegate.swift; sourceTree = "<group>"; };
		9329AF7B2982D73C004862D5 /* SceneDelegate.swift */ = {isa = PBXFileReference; lastKnownFileType = sourcecode.swift; path = SceneDelegate.swift; sourceTree = "<group>"; };
		9329AF832982D73C004862D5 /* CurrencyConverter.xcdatamodel */ = {isa = PBXFileReference; lastKnownFileType = wrapper.xcdatamodel; path = CurrencyConverter.xcdatamodel; sourceTree = "<group>"; };
		9329AF852982D73D004862D5 /* Assets.xcassets */ = {isa = PBXFileReference; lastKnownFileType = folder.assetcatalog; path = Assets.xcassets; sourceTree = "<group>"; };
		9329AF882982D73D004862D5 /* Base */ = {isa = PBXFileReference; lastKnownFileType = file.storyboard; name = Base; path = Base.lproj/LaunchScreen.storyboard; sourceTree = "<group>"; };
		9329AF8A2982D73D004862D5 /* Info.plist */ = {isa = PBXFileReference; lastKnownFileType = text.plist.xml; path = Info.plist; sourceTree = "<group>"; };
		9329AF8F2982D73D004862D5 /* CurrencyConverterTests.xctest */ = {isa = PBXFileReference; explicitFileType = wrapper.cfbundle; includeInIndex = 0; path = CurrencyConverterTests.xctest; sourceTree = BUILT_PRODUCTS_DIR; };
		9329AF992982D73D004862D5 /* CurrencyConverterUITests.xctest */ = {isa = PBXFileReference; explicitFileType = wrapper.cfbundle; includeInIndex = 0; path = CurrencyConverterUITests.xctest; sourceTree = BUILT_PRODUCTS_DIR; };
		9329AF9D2982D73D004862D5 /* CurrencyConverterUITests.swift */ = {isa = PBXFileReference; lastKnownFileType = sourcecode.swift; path = CurrencyConverterUITests.swift; sourceTree = "<group>"; };
		9329AF9F2982D73D004862D5 /* CurrencyConverterUITestsLaunchTests.swift */ = {isa = PBXFileReference; lastKnownFileType = sourcecode.swift; path = CurrencyConverterUITestsLaunchTests.swift; sourceTree = "<group>"; };
		9329AFB22982E24F004862D5 /* CurrencyConverterViewController.swift */ = {isa = PBXFileReference; lastKnownFileType = sourcecode.swift; path = CurrencyConverterViewController.swift; sourceTree = "<group>"; };
		9329AFB32982E24F004862D5 /* CurrencyConverterViewController.xib */ = {isa = PBXFileReference; lastKnownFileType = file.xib; path = CurrencyConverterViewController.xib; sourceTree = "<group>"; };
		9329AFB72982E539004862D5 /* GradientView.swift */ = {isa = PBXFileReference; lastKnownFileType = sourcecode.swift; path = GradientView.swift; sourceTree = "<group>"; };
		9329AFB92982E732004862D5 /* TextFieldView.swift */ = {isa = PBXFileReference; lastKnownFileType = sourcecode.swift; path = TextFieldView.swift; sourceTree = "<group>"; };
		9329AFBB2982EB83004862D5 /* TextFieldView.xib */ = {isa = PBXFileReference; lastKnownFileType = file.xib; path = TextFieldView.xib; sourceTree = "<group>"; };
		9329AFC32983C439004862D5 /* CurrencyConverterPresenter.swift */ = {isa = PBXFileReference; lastKnownFileType = sourcecode.swift; path = CurrencyConverterPresenter.swift; sourceTree = "<group>"; };
		9329AFCD2983CE42004862D5 /* CurrencyRatesResponse.swift */ = {isa = PBXFileReference; lastKnownFileType = sourcecode.swift; path = CurrencyRatesResponse.swift; sourceTree = "<group>"; };
		9329AFCF2983CEBB004862D5 /* CurrencyConverterInteractor.swift */ = {isa = PBXFileReference; lastKnownFileType = sourcecode.swift; path = CurrencyConverterInteractor.swift; sourceTree = "<group>"; };
		9329AFD22983CF3A004862D5 /* CurrencyRatesViewParam.swift */ = {isa = PBXFileReference; lastKnownFileType = sourcecode.swift; path = CurrencyRatesViewParam.swift; sourceTree = "<group>"; };
		9329AFD42983CFA3004862D5 /* CurrencySymbolsViewParam.swift */ = {isa = PBXFileReference; lastKnownFileType = sourcecode.swift; path = CurrencySymbolsViewParam.swift; sourceTree = "<group>"; };
		9329AFD62983D0AE004862D5 /* CurrencyConverterInteractorImpl.swift */ = {isa = PBXFileReference; lastKnownFileType = sourcecode.swift; path = CurrencyConverterInteractorImpl.swift; sourceTree = "<group>"; };
		9329AFD82983D150004862D5 /* CurrencyConverterApi.swift */ = {isa = PBXFileReference; lastKnownFileType = sourcecode.swift; path = CurrencyConverterApi.swift; sourceTree = "<group>"; };
		9329AFDB2983D4E2004862D5 /* CurrencyRates.swift */ = {isa = PBXFileReference; lastKnownFileType = sourcecode.swift; path = CurrencyRates.swift; sourceTree = "<group>"; };
		9329AFDD2983D521004862D5 /* CurrencySymbols.swift */ = {isa = PBXFileReference; lastKnownFileType = sourcecode.swift; path = CurrencySymbols.swift; sourceTree = "<group>"; };
		9329AFDF2983D54E004862D5 /* CurrencyConverterApiImpl.swift */ = {isa = PBXFileReference; lastKnownFileType = sourcecode.swift; path = CurrencyConverterApiImpl.swift; sourceTree = "<group>"; };
		9329AFE529840AF9004862D5 /* CurrencyTableViewCell.swift */ = {isa = PBXFileReference; lastKnownFileType = sourcecode.swift; path = CurrencyTableViewCell.swift; sourceTree = "<group>"; };
		9329AFE629840AF9004862D5 /* CurrencyTableViewCell.xib */ = {isa = PBXFileReference; lastKnownFileType = file.xib; path = CurrencyTableViewCell.xib; sourceTree = "<group>"; };
		9329AFE929840D73004862D5 /* CurrencyCellViewParam.swift */ = {isa = PBXFileReference; lastKnownFileType = sourcecode.swift; path = CurrencyCellViewParam.swift; sourceTree = "<group>"; };
		9329AFEB298416FB004862D5 /* CurrencySelectionViewController.swift */ = {isa = PBXFileReference; lastKnownFileType = sourcecode.swift; path = CurrencySelectionViewController.swift; sourceTree = "<group>"; };
		9329AFEC298416FB004862D5 /* CurrencySelectionViewController.xib */ = {isa = PBXFileReference; lastKnownFileType = file.xib; path = CurrencySelectionViewController.xib; sourceTree = "<group>"; };
		9329AFEF29841D07004862D5 /* CurrencySelectionPresenter.swift */ = {isa = PBXFileReference; lastKnownFileType = sourcecode.swift; path = CurrencySelectionPresenter.swift; sourceTree = "<group>"; };
		9329AFF2298426A8004862D5 /* String+Extensions.swift */ = {isa = PBXFileReference; lastKnownFileType = sourcecode.swift; path = "String+Extensions.swift"; sourceTree = "<group>"; };
		9329AFF429844481004862D5 /* CurrencyConverterCoreDataInteractor.swift */ = {isa = PBXFileReference; lastKnownFileType = sourcecode.swift; path = CurrencyConverterCoreDataInteractor.swift; sourceTree = "<group>"; };
		9329AFF629844517004862D5 /* CurrencyConverterCoreDataInteractorImpl.swift */ = {isa = PBXFileReference; lastKnownFileType = sourcecode.swift; path = CurrencyConverterCoreDataInteractorImpl.swift; sourceTree = "<group>"; };
		9329AFF82984457A004862D5 /* CurrencyConverterCoreData.swift */ = {isa = PBXFileReference; lastKnownFileType = sourcecode.swift; path = CurrencyConverterCoreData.swift; sourceTree = "<group>"; };
		9329AFFA2984463C004862D5 /* CurrencyConverterCoreDataImpl.swift */ = {isa = PBXFileReference; lastKnownFileType = sourcecode.swift; path = CurrencyConverterCoreDataImpl.swift; sourceTree = "<group>"; };
		9329AFFC29845C0D004862D5 /* Date+Extensions.swift */ = {isa = PBXFileReference; lastKnownFileType = sourcecode.swift; path = "Date+Extensions.swift"; sourceTree = "<group>"; };
		9329B0012985287D004862D5 /* TextFieldType.swift */ = {isa = PBXFileReference; fileEncoding = 4; lastKnownFileType = sourcecode.swift; path = TextFieldType.swift; sourceTree = "<group>"; };
		9329B00329852939004862D5 /* CurrencySelectionPresenterTests.swift */ = {isa = PBXFileReference; lastKnownFileType = sourcecode.swift; path = CurrencySelectionPresenterTests.swift; sourceTree = "<group>"; };
		9329B01729852985004862D5 /* CurrencyConverterPresenterTests.swift */ = {isa = PBXFileReference; lastKnownFileType = sourcecode.swift; path = CurrencyConverterPresenterTests.swift; sourceTree = "<group>"; };
		9329B019298529BD004862D5 /* CurrencyConverterInteractorTests.swift */ = {isa = PBXFileReference; lastKnownFileType = sourcecode.swift; path = CurrencyConverterInteractorTests.swift; sourceTree = "<group>"; };
		9329B01B298529CE004862D5 /* CurrencyConverterCoreDataInteractorTests.swift */ = {isa = PBXFileReference; lastKnownFileType = sourcecode.swift; path = CurrencyConverterCoreDataInteractorTests.swift; sourceTree = "<group>"; };
		9329B0212985493D004862D5 /* String+ExtensionsTests.swift */ = {isa = PBXFileReference; lastKnownFileType = sourcecode.swift; path = "String+ExtensionsTests.swift"; sourceTree = "<group>"; };
		9329B02329854953004862D5 /* Date+ExtensionsTests.swift */ = {isa = PBXFileReference; lastKnownFileType = sourcecode.swift; path = "Date+ExtensionsTests.swift"; sourceTree = "<group>"; };
		A2AD3C4200417C7E6815A196 /* Pods-CurrencyConverter-CurrencyConverterUITests.release.xcconfig */ = {isa = PBXFileReference; includeInIndex = 1; lastKnownFileType = text.xcconfig; name = "Pods-CurrencyConverter-CurrencyConverterUITests.release.xcconfig"; path = "Target Support Files/Pods-CurrencyConverter-CurrencyConverterUITests/Pods-CurrencyConverter-CurrencyConverterUITests.release.xcconfig"; sourceTree = "<group>"; };
		A88D545FF32B93BEF78F3AF0 /* Pods_CurrencyConverter.framework */ = {isa = PBXFileReference; explicitFileType = wrapper.framework; includeInIndex = 0; path = Pods_CurrencyConverter.framework; sourceTree = BUILT_PRODUCTS_DIR; };
		A9D25886AB6FDBB88D050994 /* Pods-CurrencyConverter-CurrencyConverterUITests.debug.xcconfig */ = {isa = PBXFileReference; includeInIndex = 1; lastKnownFileType = text.xcconfig; name = "Pods-CurrencyConverter-CurrencyConverterUITests.debug.xcconfig"; path = "Target Support Files/Pods-CurrencyConverter-CurrencyConverterUITests/Pods-CurrencyConverter-CurrencyConverterUITests.debug.xcconfig"; sourceTree = "<group>"; };
		BB1FC527A3B623C1161C6359 /* Pods-CurrencyConverter.release.xcconfig */ = {isa = PBXFileReference; includeInIndex = 1; lastKnownFileType = text.xcconfig; name = "Pods-CurrencyConverter.release.xcconfig"; path = "Target Support Files/Pods-CurrencyConverter/Pods-CurrencyConverter.release.xcconfig"; sourceTree = "<group>"; };
/* End PBXFileReference section */

/* Begin PBXFrameworksBuildPhase section */
		9329AF732982D73C004862D5 /* Frameworks */ = {
			isa = PBXFrameworksBuildPhase;
			buildActionMask = 2147483647;
			files = (
				DD5CE26FE3110DE30C93B547 /* Pods_CurrencyConverter.framework in Frameworks */,
			);
			runOnlyForDeploymentPostprocessing = 0;
		};
		9329AF8C2982D73D004862D5 /* Frameworks */ = {
			isa = PBXFrameworksBuildPhase;
			buildActionMask = 2147483647;
			files = (
				4ECBDDE6CF25159C75549049 /* Pods_CurrencyConverterTests.framework in Frameworks */,
			);
			runOnlyForDeploymentPostprocessing = 0;
		};
		9329AF962982D73D004862D5 /* Frameworks */ = {
			isa = PBXFrameworksBuildPhase;
			buildActionMask = 2147483647;
			files = (
				17BFB279BC0FC9912CCAC1CF /* Pods_CurrencyConverter_CurrencyConverterUITests.framework in Frameworks */,
			);
			runOnlyForDeploymentPostprocessing = 0;
		};
/* End PBXFrameworksBuildPhase section */

/* Begin PBXGroup section */
		8260E425D0FAC38398AC0604 /* Pods */ = {
			isa = PBXGroup;
			children = (
				1D61511EC0FD78C3CEA03EE5 /* Pods-CurrencyConverter.debug.xcconfig */,
				BB1FC527A3B623C1161C6359 /* Pods-CurrencyConverter.release.xcconfig */,
				A9D25886AB6FDBB88D050994 /* Pods-CurrencyConverter-CurrencyConverterUITests.debug.xcconfig */,
				A2AD3C4200417C7E6815A196 /* Pods-CurrencyConverter-CurrencyConverterUITests.release.xcconfig */,
				4AA092005D7B47527E3A0B6B /* Pods-CurrencyConverterTests.debug.xcconfig */,
				7ACDDD606C87C6CBE363EEEA /* Pods-CurrencyConverterTests.release.xcconfig */,
			);
			path = Pods;
			sourceTree = "<group>";
		};
		9329AF6D2982D73C004862D5 = {
			isa = PBXGroup;
			children = (
				9329AF782982D73C004862D5 /* CurrencyConverter */,
				9329AF922982D73D004862D5 /* CurrencyConverterTests */,
				9329AF9C2982D73D004862D5 /* CurrencyConverterUITests */,
				9329AF772982D73C004862D5 /* Products */,
				8260E425D0FAC38398AC0604 /* Pods */,
				A5E6669BD46E4249D265F21E /* Frameworks */,
			);
			sourceTree = "<group>";
		};
		9329AF772982D73C004862D5 /* Products */ = {
			isa = PBXGroup;
			children = (
				9329AF762982D73C004862D5 /* CurrencyConverter.app */,
				9329AF8F2982D73D004862D5 /* CurrencyConverterTests.xctest */,
				9329AF992982D73D004862D5 /* CurrencyConverterUITests.xctest */,
			);
			name = Products;
			sourceTree = "<group>";
		};
		9329AF782982D73C004862D5 /* CurrencyConverter */ = {
			isa = PBXGroup;
			children = (
				9329AFF129842699004862D5 /* Extensions */,
				9329AFC82983C888004862D5 /* Repositories */,
				9329AFC72983C881004862D5 /* Interactors */,
				9329AFC52983C4B5004862D5 /* Entities */,
				9329AFC22983C41D004862D5 /* Presenters */,
				9329AFBD2982F3BE004862D5 /* Enums */,
				9329AFB62982E524004862D5 /* Views */,
				9329AFB12982E236004862D5 /* ViewControllers */,
				9329AF792982D73C004862D5 /* AppDelegate.swift */,
				9329AF7B2982D73C004862D5 /* SceneDelegate.swift */,
				9329AF852982D73D004862D5 /* Assets.xcassets */,
				9329AF872982D73D004862D5 /* LaunchScreen.storyboard */,
				9329AF8A2982D73D004862D5 /* Info.plist */,
				9329AF822982D73C004862D5 /* CurrencyConverter.xcdatamodeld */,
			);
			path = CurrencyConverter;
			sourceTree = "<group>";
		};
		9329AF922982D73D004862D5 /* CurrencyConverterTests */ = {
			isa = PBXGroup;
			children = (
				9329B02029854922004862D5 /* Extensions */,
				9329B01F29854916004862D5 /* Interactors */,
				9329B01E29854908004862D5 /* Presenters */,
			);
			path = CurrencyConverterTests;
			sourceTree = "<group>";
		};
		9329AF9C2982D73D004862D5 /* CurrencyConverterUITests */ = {
			isa = PBXGroup;
			children = (
				9329AF9D2982D73D004862D5 /* CurrencyConverterUITests.swift */,
				9329AF9F2982D73D004862D5 /* CurrencyConverterUITestsLaunchTests.swift */,
			);
			path = CurrencyConverterUITests;
			sourceTree = "<group>";
		};
		9329AFB12982E236004862D5 /* ViewControllers */ = {
			isa = PBXGroup;
			children = (
				9329AFB22982E24F004862D5 /* CurrencyConverterViewController.swift */,
				9329AFB32982E24F004862D5 /* CurrencyConverterViewController.xib */,
				9329AFEB298416FB004862D5 /* CurrencySelectionViewController.swift */,
				9329AFEC298416FB004862D5 /* CurrencySelectionViewController.xib */,
			);
			path = ViewControllers;
			sourceTree = "<group>";
		};
		9329AFB62982E524004862D5 /* Views */ = {
			isa = PBXGroup;
			children = (
				9329AFB72982E539004862D5 /* GradientView.swift */,
				9329AFB92982E732004862D5 /* TextFieldView.swift */,
				9329AFBB2982EB83004862D5 /* TextFieldView.xib */,
				9329AFE529840AF9004862D5 /* CurrencyTableViewCell.swift */,
				9329AFE629840AF9004862D5 /* CurrencyTableViewCell.xib */,
			);
			path = Views;
			sourceTree = "<group>";
		};
		9329AFBD2982F3BE004862D5 /* Enums */ = {
			isa = PBXGroup;
			children = (
				9329B0012985287D004862D5 /* TextFieldType.swift */,
			);
			path = Enums;
			sourceTree = "<group>";
		};
		9329AFC22983C41D004862D5 /* Presenters */ = {
			isa = PBXGroup;
			children = (
				9329AFC32983C439004862D5 /* CurrencyConverterPresenter.swift */,
				9329AFEF29841D07004862D5 /* CurrencySelectionPresenter.swift */,
			);
			path = Presenters;
			sourceTree = "<group>";
		};
		9329AFC52983C4B5004862D5 /* Entities */ = {
			isa = PBXGroup;
			children = (
				9329AFDA2983D4B5004862D5 /* Models */,
				9329AFD12983CF09004862D5 /* ViewParams */,
				9329AFC62983C4C8004862D5 /* Responses */,
			);
			path = Entities;
			sourceTree = "<group>";
		};
		9329AFC62983C4C8004862D5 /* Responses */ = {
			isa = PBXGroup;
			children = (
				9329AFCD2983CE42004862D5 /* CurrencyRatesResponse.swift */,
			);
			path = Responses;
			sourceTree = "<group>";
		};
		9329AFC72983C881004862D5 /* Interactors */ = {
			isa = PBXGroup;
			children = (
				9329AFCF2983CEBB004862D5 /* CurrencyConverterInteractor.swift */,
				9329AFD62983D0AE004862D5 /* CurrencyConverterInteractorImpl.swift */,
				9329AFF429844481004862D5 /* CurrencyConverterCoreDataInteractor.swift */,
				9329AFF629844517004862D5 /* CurrencyConverterCoreDataInteractorImpl.swift */,
			);
			path = Interactors;
			sourceTree = "<group>";
		};
		9329AFC82983C888004862D5 /* Repositories */ = {
			isa = PBXGroup;
			children = (
				9329AFD82983D150004862D5 /* CurrencyConverterApi.swift */,
				9329AFDF2983D54E004862D5 /* CurrencyConverterApiImpl.swift */,
				9329AFF82984457A004862D5 /* CurrencyConverterCoreData.swift */,
				9329AFFA2984463C004862D5 /* CurrencyConverterCoreDataImpl.swift */,
			);
			path = Repositories;
			sourceTree = "<group>";
		};
		9329AFD12983CF09004862D5 /* ViewParams */ = {
			isa = PBXGroup;
			children = (
				9329AFD22983CF3A004862D5 /* CurrencyRatesViewParam.swift */,
				9329AFD42983CFA3004862D5 /* CurrencySymbolsViewParam.swift */,
				9329AFE929840D73004862D5 /* CurrencyCellViewParam.swift */,
			);
			path = ViewParams;
			sourceTree = "<group>";
		};
		9329AFDA2983D4B5004862D5 /* Models */ = {
			isa = PBXGroup;
			children = (
				9329AFDB2983D4E2004862D5 /* CurrencyRates.swift */,
				9329AFDD2983D521004862D5 /* CurrencySymbols.swift */,
			);
			path = Models;
			sourceTree = "<group>";
		};
		9329AFF129842699004862D5 /* Extensions */ = {
			isa = PBXGroup;
			children = (
				9329AFF2298426A8004862D5 /* String+Extensions.swift */,
				9329AFFC29845C0D004862D5 /* Date+Extensions.swift */,
			);
			path = Extensions;
			sourceTree = "<group>";
		};
		9329B01E29854908004862D5 /* Presenters */ = {
			isa = PBXGroup;
			children = (
				9329B00329852939004862D5 /* CurrencySelectionPresenterTests.swift */,
				9329B01729852985004862D5 /* CurrencyConverterPresenterTests.swift */,
			);
			path = Presenters;
			sourceTree = "<group>";
		};
		9329B01F29854916004862D5 /* Interactors */ = {
			isa = PBXGroup;
			children = (
				9329B019298529BD004862D5 /* CurrencyConverterInteractorTests.swift */,
				9329B01B298529CE004862D5 /* CurrencyConverterCoreDataInteractorTests.swift */,
			);
			path = Interactors;
			sourceTree = "<group>";
		};
		9329B02029854922004862D5 /* Extensions */ = {
			isa = PBXGroup;
			children = (
				9329B0212985493D004862D5 /* String+ExtensionsTests.swift */,
				9329B02329854953004862D5 /* Date+ExtensionsTests.swift */,
			);
			path = Extensions;
			sourceTree = "<group>";
		};
		A5E6669BD46E4249D265F21E /* Frameworks */ = {
			isa = PBXGroup;
			children = (
				A88D545FF32B93BEF78F3AF0 /* Pods_CurrencyConverter.framework */,
				612FE10379733AEDCA46BDA0 /* Pods_CurrencyConverter_CurrencyConverterUITests.framework */,
				5FD6E93427368371DE3CDC99 /* Pods_CurrencyConverterTests.framework */,
			);
			name = Frameworks;
			sourceTree = "<group>";
		};
/* End PBXGroup section */

/* Begin PBXNativeTarget section */
		9329AF752982D73C004862D5 /* CurrencyConverter */ = {
			isa = PBXNativeTarget;
			buildConfigurationList = 9329AFA32982D73D004862D5 /* Build configuration list for PBXNativeTarget "CurrencyConverter" */;
			buildPhases = (
				BBE2DB59D49B8DFDA8BEC107 /* [CP] Check Pods Manifest.lock */,
				9329AF722982D73C004862D5 /* Sources */,
				9329AF732982D73C004862D5 /* Frameworks */,
				9329AF742982D73C004862D5 /* Resources */,
				FFECC09A51E30DB54A0DAF47 /* [CP] Embed Pods Frameworks */,
			);
			buildRules = (
			);
			dependencies = (
			);
			name = CurrencyConverter;
			productName = CurrencyConverter;
			productReference = 9329AF762982D73C004862D5 /* CurrencyConverter.app */;
			productType = "com.apple.product-type.application";
		};
		9329AF8E2982D73D004862D5 /* CurrencyConverterTests */ = {
			isa = PBXNativeTarget;
			buildConfigurationList = 9329AFA62982D73D004862D5 /* Build configuration list for PBXNativeTarget "CurrencyConverterTests" */;
			buildPhases = (
				FCD7547484F01FDBDF3BE4C8 /* [CP] Check Pods Manifest.lock */,
				9329AF8B2982D73D004862D5 /* Sources */,
				9329AF8C2982D73D004862D5 /* Frameworks */,
				9329AF8D2982D73D004862D5 /* Resources */,
				F6BB95A89C9CA57189F6C0B1 /* [CP] Embed Pods Frameworks */,
			);
			buildRules = (
			);
			dependencies = (
				9329AF912982D73D004862D5 /* PBXTargetDependency */,
			);
			name = CurrencyConverterTests;
			productName = CurrencyConverterTests;
			productReference = 9329AF8F2982D73D004862D5 /* CurrencyConverterTests.xctest */;
			productType = "com.apple.product-type.bundle.unit-test";
		};
		9329AF982982D73D004862D5 /* CurrencyConverterUITests */ = {
			isa = PBXNativeTarget;
			buildConfigurationList = 9329AFA92982D73D004862D5 /* Build configuration list for PBXNativeTarget "CurrencyConverterUITests" */;
			buildPhases = (
				67EC8D5CDC3B348978907C8D /* [CP] Check Pods Manifest.lock */,
				9329AF952982D73D004862D5 /* Sources */,
				9329AF962982D73D004862D5 /* Frameworks */,
				9329AF972982D73D004862D5 /* Resources */,
				A337228247650354365A98DE /* [CP] Embed Pods Frameworks */,
			);
			buildRules = (
			);
			dependencies = (
				9329AF9B2982D73D004862D5 /* PBXTargetDependency */,
			);
			name = CurrencyConverterUITests;
			productName = CurrencyConverterUITests;
			productReference = 9329AF992982D73D004862D5 /* CurrencyConverterUITests.xctest */;
			productType = "com.apple.product-type.bundle.ui-testing";
		};
/* End PBXNativeTarget section */

/* Begin PBXProject section */
		9329AF6E2982D73C004862D5 /* Project object */ = {
			isa = PBXProject;
			attributes = {
				BuildIndependentTargetsInParallel = 1;
				LastSwiftUpdateCheck = 1420;
				LastUpgradeCheck = 1420;
				TargetAttributes = {
					9329AF752982D73C004862D5 = {
						CreatedOnToolsVersion = 14.2;
					};
					9329AF8E2982D73D004862D5 = {
						CreatedOnToolsVersion = 14.2;
						TestTargetID = 9329AF752982D73C004862D5;
					};
					9329AF982982D73D004862D5 = {
						CreatedOnToolsVersion = 14.2;
						TestTargetID = 9329AF752982D73C004862D5;
					};
				};
			};
			buildConfigurationList = 9329AF712982D73C004862D5 /* Build configuration list for PBXProject "CurrencyConverter" */;
			compatibilityVersion = "Xcode 14.0";
			developmentRegion = en;
			hasScannedForEncodings = 0;
			knownRegions = (
				en,
				Base,
			);
			mainGroup = 9329AF6D2982D73C004862D5;
			productRefGroup = 9329AF772982D73C004862D5 /* Products */;
			projectDirPath = "";
			projectRoot = "";
			targets = (
				9329AF752982D73C004862D5 /* CurrencyConverter */,
				9329AF8E2982D73D004862D5 /* CurrencyConverterTests */,
				9329AF982982D73D004862D5 /* CurrencyConverterUITests */,
			);
		};
/* End PBXProject section */

/* Begin PBXResourcesBuildPhase section */
		9329AF742982D73C004862D5 /* Resources */ = {
			isa = PBXResourcesBuildPhase;
			buildActionMask = 2147483647;
			files = (
				9329AFB52982E24F004862D5 /* CurrencyConverterViewController.xib in Resources */,
				9329AFE829840AF9004862D5 /* CurrencyTableViewCell.xib in Resources */,
				9329AF892982D73D004862D5 /* LaunchScreen.storyboard in Resources */,
				9329AFBC2982EB83004862D5 /* TextFieldView.xib in Resources */,
				9329AFEE298416FB004862D5 /* CurrencySelectionViewController.xib in Resources */,
				9329AF862982D73D004862D5 /* Assets.xcassets in Resources */,
			);
			runOnlyForDeploymentPostprocessing = 0;
		};
		9329AF8D2982D73D004862D5 /* Resources */ = {
			isa = PBXResourcesBuildPhase;
			buildActionMask = 2147483647;
			files = (
			);
			runOnlyForDeploymentPostprocessing = 0;
		};
		9329AF972982D73D004862D5 /* Resources */ = {
			isa = PBXResourcesBuildPhase;
			buildActionMask = 2147483647;
			files = (
			);
			runOnlyForDeploymentPostprocessing = 0;
		};
/* End PBXResourcesBuildPhase section */

/* Begin PBXShellScriptBuildPhase section */
		67EC8D5CDC3B348978907C8D /* [CP] Check Pods Manifest.lock */ = {
			isa = PBXShellScriptBuildPhase;
			buildActionMask = 2147483647;
			files = (
			);
			inputFileListPaths = (
			);
			inputPaths = (
				"${PODS_PODFILE_DIR_PATH}/Podfile.lock",
				"${PODS_ROOT}/Manifest.lock",
			);
			name = "[CP] Check Pods Manifest.lock";
			outputFileListPaths = (
			);
			outputPaths = (
				"$(DERIVED_FILE_DIR)/Pods-CurrencyConverter-CurrencyConverterUITests-checkManifestLockResult.txt",
			);
			runOnlyForDeploymentPostprocessing = 0;
			shellPath = /bin/sh;
			shellScript = "diff \"${PODS_PODFILE_DIR_PATH}/Podfile.lock\" \"${PODS_ROOT}/Manifest.lock\" > /dev/null\nif [ $? != 0 ] ; then\n    # print error to STDERR\n    echo \"error: The sandbox is not in sync with the Podfile.lock. Run 'pod install' or update your CocoaPods installation.\" >&2\n    exit 1\nfi\n# This output is used by Xcode 'outputs' to avoid re-running this script phase.\necho \"SUCCESS\" > \"${SCRIPT_OUTPUT_FILE_0}\"\n";
			showEnvVarsInLog = 0;
		};
		A337228247650354365A98DE /* [CP] Embed Pods Frameworks */ = {
			isa = PBXShellScriptBuildPhase;
			buildActionMask = 2147483647;
			files = (
			);
			inputFileListPaths = (
				"${PODS_ROOT}/Target Support Files/Pods-CurrencyConverter-CurrencyConverterUITests/Pods-CurrencyConverter-CurrencyConverterUITests-frameworks-${CONFIGURATION}-input-files.xcfilelist",
			);
			name = "[CP] Embed Pods Frameworks";
			outputFileListPaths = (
				"${PODS_ROOT}/Target Support Files/Pods-CurrencyConverter-CurrencyConverterUITests/Pods-CurrencyConverter-CurrencyConverterUITests-frameworks-${CONFIGURATION}-output-files.xcfilelist",
			);
			runOnlyForDeploymentPostprocessing = 0;
			shellPath = /bin/sh;
			shellScript = "\"${PODS_ROOT}/Target Support Files/Pods-CurrencyConverter-CurrencyConverterUITests/Pods-CurrencyConverter-CurrencyConverterUITests-frameworks.sh\"\n";
			showEnvVarsInLog = 0;
		};
		BBE2DB59D49B8DFDA8BEC107 /* [CP] Check Pods Manifest.lock */ = {
			isa = PBXShellScriptBuildPhase;
			buildActionMask = 2147483647;
			files = (
			);
			inputFileListPaths = (
			);
			inputPaths = (
				"${PODS_PODFILE_DIR_PATH}/Podfile.lock",
				"${PODS_ROOT}/Manifest.lock",
			);
			name = "[CP] Check Pods Manifest.lock";
			outputFileListPaths = (
			);
			outputPaths = (
				"$(DERIVED_FILE_DIR)/Pods-CurrencyConverter-checkManifestLockResult.txt",
			);
			runOnlyForDeploymentPostprocessing = 0;
			shellPath = /bin/sh;
			shellScript = "diff \"${PODS_PODFILE_DIR_PATH}/Podfile.lock\" \"${PODS_ROOT}/Manifest.lock\" > /dev/null\nif [ $? != 0 ] ; then\n    # print error to STDERR\n    echo \"error: The sandbox is not in sync with the Podfile.lock. Run 'pod install' or update your CocoaPods installation.\" >&2\n    exit 1\nfi\n# This output is used by Xcode 'outputs' to avoid re-running this script phase.\necho \"SUCCESS\" > \"${SCRIPT_OUTPUT_FILE_0}\"\n";
			showEnvVarsInLog = 0;
		};
		F6BB95A89C9CA57189F6C0B1 /* [CP] Embed Pods Frameworks */ = {
			isa = PBXShellScriptBuildPhase;
			buildActionMask = 2147483647;
			files = (
			);
			inputFileListPaths = (
				"${PODS_ROOT}/Target Support Files/Pods-CurrencyConverterTests/Pods-CurrencyConverterTests-frameworks-${CONFIGURATION}-input-files.xcfilelist",
			);
			name = "[CP] Embed Pods Frameworks";
			outputFileListPaths = (
				"${PODS_ROOT}/Target Support Files/Pods-CurrencyConverterTests/Pods-CurrencyConverterTests-frameworks-${CONFIGURATION}-output-files.xcfilelist",
			);
			runOnlyForDeploymentPostprocessing = 0;
			shellPath = /bin/sh;
			shellScript = "\"${PODS_ROOT}/Target Support Files/Pods-CurrencyConverterTests/Pods-CurrencyConverterTests-frameworks.sh\"\n";
			showEnvVarsInLog = 0;
		};
		FCD7547484F01FDBDF3BE4C8 /* [CP] Check Pods Manifest.lock */ = {
			isa = PBXShellScriptBuildPhase;
			buildActionMask = 2147483647;
			files = (
			);
			inputFileListPaths = (
			);
			inputPaths = (
				"${PODS_PODFILE_DIR_PATH}/Podfile.lock",
				"${PODS_ROOT}/Manifest.lock",
			);
			name = "[CP] Check Pods Manifest.lock";
			outputFileListPaths = (
			);
			outputPaths = (
				"$(DERIVED_FILE_DIR)/Pods-CurrencyConverterTests-checkManifestLockResult.txt",
			);
			runOnlyForDeploymentPostprocessing = 0;
			shellPath = /bin/sh;
			shellScript = "diff \"${PODS_PODFILE_DIR_PATH}/Podfile.lock\" \"${PODS_ROOT}/Manifest.lock\" > /dev/null\nif [ $? != 0 ] ; then\n    # print error to STDERR\n    echo \"error: The sandbox is not in sync with the Podfile.lock. Run 'pod install' or update your CocoaPods installation.\" >&2\n    exit 1\nfi\n# This output is used by Xcode 'outputs' to avoid re-running this script phase.\necho \"SUCCESS\" > \"${SCRIPT_OUTPUT_FILE_0}\"\n";
			showEnvVarsInLog = 0;
		};
		FFECC09A51E30DB54A0DAF47 /* [CP] Embed Pods Frameworks */ = {
			isa = PBXShellScriptBuildPhase;
			buildActionMask = 2147483647;
			files = (
			);
			inputFileListPaths = (
				"${PODS_ROOT}/Target Support Files/Pods-CurrencyConverter/Pods-CurrencyConverter-frameworks-${CONFIGURATION}-input-files.xcfilelist",
			);
			name = "[CP] Embed Pods Frameworks";
			outputFileListPaths = (
				"${PODS_ROOT}/Target Support Files/Pods-CurrencyConverter/Pods-CurrencyConverter-frameworks-${CONFIGURATION}-output-files.xcfilelist",
			);
			runOnlyForDeploymentPostprocessing = 0;
			shellPath = /bin/sh;
			shellScript = "\"${PODS_ROOT}/Target Support Files/Pods-CurrencyConverter/Pods-CurrencyConverter-frameworks.sh\"\n";
			showEnvVarsInLog = 0;
		};
/* End PBXShellScriptBuildPhase section */

/* Begin PBXSourcesBuildPhase section */
		9329AF722982D73C004862D5 /* Sources */ = {
			isa = PBXSourcesBuildPhase;
			buildActionMask = 2147483647;
			files = (
				9329AFDE2983D521004862D5 /* CurrencySymbols.swift in Sources */,
				9329AFF92984457A004862D5 /* CurrencyConverterCoreData.swift in Sources */,
				9329AFD72983D0AE004862D5 /* CurrencyConverterInteractorImpl.swift in Sources */,
				9329AFF729844517004862D5 /* CurrencyConverterCoreDataInteractorImpl.swift in Sources */,
				9329AFD32983CF3A004862D5 /* CurrencyRatesViewParam.swift in Sources */,
				9329AF842982D73C004862D5 /* CurrencyConverter.xcdatamodeld in Sources */,
				9329AFCE2983CE42004862D5 /* CurrencyRatesResponse.swift in Sources */,
				9329AF7A2982D73C004862D5 /* AppDelegate.swift in Sources */,
				9329AFBA2982E732004862D5 /* TextFieldView.swift in Sources */,
				9329AFDC2983D4E2004862D5 /* CurrencyRates.swift in Sources */,
				9329AFFD29845C0D004862D5 /* Date+Extensions.swift in Sources */,
				9329AFC42983C439004862D5 /* CurrencyConverterPresenter.swift in Sources */,
				9329AFD92983D150004862D5 /* CurrencyConverterApi.swift in Sources */,
				9329AFF529844481004862D5 /* CurrencyConverterCoreDataInteractor.swift in Sources */,
				9329AFFB2984463C004862D5 /* CurrencyConverterCoreDataImpl.swift in Sources */,
				9329AFE02983D54E004862D5 /* CurrencyConverterApiImpl.swift in Sources */,
				9329AFF3298426A8004862D5 /* String+Extensions.swift in Sources */,
				9329AFD02983CEBB004862D5 /* CurrencyConverterInteractor.swift in Sources */,
				9329AFB82982E539004862D5 /* GradientView.swift in Sources */,
				9329AFEA29840D73004862D5 /* CurrencyCellViewParam.swift in Sources */,
				9329B0022985287D004862D5 /* TextFieldType.swift in Sources */,
				9329AFD52983CFA3004862D5 /* CurrencySymbolsViewParam.swift in Sources */,
				9329AFED298416FB004862D5 /* CurrencySelectionViewController.swift in Sources */,
				9329AFF029841D07004862D5 /* CurrencySelectionPresenter.swift in Sources */,
				9329AFB42982E24F004862D5 /* CurrencyConverterViewController.swift in Sources */,
				9329AFE729840AF9004862D5 /* CurrencyTableViewCell.swift in Sources */,
				9329AF7C2982D73C004862D5 /* SceneDelegate.swift in Sources */,
			);
			runOnlyForDeploymentPostprocessing = 0;
		};
		9329AF8B2982D73D004862D5 /* Sources */ = {
			isa = PBXSourcesBuildPhase;
			buildActionMask = 2147483647;
			files = (
				9329B01629852964004862D5 /* String+Extensions.swift in Sources */,
				9329B0102985295A004862D5 /* CurrencyConverterInteractorImpl.swift in Sources */,
				9329B0112985295F004862D5 /* CurrencyConverterCoreData.swift in Sources */,
				9329B0122985295F004862D5 /* CurrencyConverterApi.swift in Sources */,
				9329B00629852943004862D5 /* CurrencyConverterPresenter.swift in Sources */,
				9329B01829852985004862D5 /* CurrencyConverterPresenterTests.swift in Sources */,
				9329B00E2985295A004862D5 /* CurrencyConverterCoreDataInteractor.swift in Sources */,
				9329B02429854953004862D5 /* Date+ExtensionsTests.swift in Sources */,
				9329B00F2985295A004862D5 /* CurrencyConverterCoreDataInteractorImpl.swift in Sources */,
				9329B01A298529BD004862D5 /* CurrencyConverterInteractorTests.swift in Sources */,
				9329B00429852939004862D5 /* CurrencySelectionPresenterTests.swift in Sources */,
				9329B00C29852954004862D5 /* CurrencyRatesResponse.swift in Sources */,
				9329B01529852964004862D5 /* Date+Extensions.swift in Sources */,
				9329B00D2985295A004862D5 /* CurrencyConverterInteractor.swift in Sources */,
				9329B01D29852C4E004862D5 /* CurrencyConverter.xcdatamodeld in Sources */,
				9329B0072985294B004862D5 /* CurrencyRates.swift in Sources */,
				9329B00929852950004862D5 /* CurrencySymbolsViewParam.swift in Sources */,
				9329B0142985295F004862D5 /* CurrencyConverterApiImpl.swift in Sources */,
				9329B00A29852950004862D5 /* CurrencyCellViewParam.swift in Sources */,
				9329B0082985294B004862D5 /* CurrencySymbols.swift in Sources */,
				9329B01C298529CE004862D5 /* CurrencyConverterCoreDataInteractorTests.swift in Sources */,
				9329B0222985493D004862D5 /* String+ExtensionsTests.swift in Sources */,
				9329B00B29852950004862D5 /* CurrencyRatesViewParam.swift in Sources */,
				9329B00529852940004862D5 /* CurrencySelectionPresenter.swift in Sources */,
				9329B0132985295F004862D5 /* CurrencyConverterCoreDataImpl.swift in Sources */,
			);
			runOnlyForDeploymentPostprocessing = 0;
		};
		9329AF952982D73D004862D5 /* Sources */ = {
			isa = PBXSourcesBuildPhase;
			buildActionMask = 2147483647;
			files = (
				9329AFA02982D73D004862D5 /* CurrencyConverterUITestsLaunchTests.swift in Sources */,
				9329AF9E2982D73D004862D5 /* CurrencyConverterUITests.swift in Sources */,
			);
			runOnlyForDeploymentPostprocessing = 0;
		};
/* End PBXSourcesBuildPhase section */

/* Begin PBXTargetDependency section */
		9329AF912982D73D004862D5 /* PBXTargetDependency */ = {
			isa = PBXTargetDependency;
			target = 9329AF752982D73C004862D5 /* CurrencyConverter */;
			targetProxy = 9329AF902982D73D004862D5 /* PBXContainerItemProxy */;
		};
		9329AF9B2982D73D004862D5 /* PBXTargetDependency */ = {
			isa = PBXTargetDependency;
			target = 9329AF752982D73C004862D5 /* CurrencyConverter */;
			targetProxy = 9329AF9A2982D73D004862D5 /* PBXContainerItemProxy */;
		};
/* End PBXTargetDependency section */

/* Begin PBXVariantGroup section */
		9329AF872982D73D004862D5 /* LaunchScreen.storyboard */ = {
			isa = PBXVariantGroup;
			children = (
				9329AF882982D73D004862D5 /* Base */,
			);
			name = LaunchScreen.storyboard;
			sourceTree = "<group>";
		};
/* End PBXVariantGroup section */

/* Begin XCBuildConfiguration section */
		9329AFA12982D73D004862D5 /* Debug */ = {
			isa = XCBuildConfiguration;
			buildSettings = {
				ALWAYS_SEARCH_USER_PATHS = NO;
				CLANG_ANALYZER_NONNULL = YES;
				CLANG_ANALYZER_NUMBER_OBJECT_CONVERSION = YES_AGGRESSIVE;
				CLANG_CXX_LANGUAGE_STANDARD = "gnu++20";
				CLANG_ENABLE_MODULES = YES;
				CLANG_ENABLE_OBJC_ARC = YES;
				CLANG_ENABLE_OBJC_WEAK = YES;
				CLANG_WARN_BLOCK_CAPTURE_AUTORELEASING = YES;
				CLANG_WARN_BOOL_CONVERSION = YES;
				CLANG_WARN_COMMA = YES;
				CLANG_WARN_CONSTANT_CONVERSION = YES;
				CLANG_WARN_DEPRECATED_OBJC_IMPLEMENTATIONS = YES;
				CLANG_WARN_DIRECT_OBJC_ISA_USAGE = YES_ERROR;
				CLANG_WARN_DOCUMENTATION_COMMENTS = YES;
				CLANG_WARN_EMPTY_BODY = YES;
				CLANG_WARN_ENUM_CONVERSION = YES;
				CLANG_WARN_INFINITE_RECURSION = YES;
				CLANG_WARN_INT_CONVERSION = YES;
				CLANG_WARN_NON_LITERAL_NULL_CONVERSION = YES;
				CLANG_WARN_OBJC_IMPLICIT_RETAIN_SELF = YES;
				CLANG_WARN_OBJC_LITERAL_CONVERSION = YES;
				CLANG_WARN_OBJC_ROOT_CLASS = YES_ERROR;
				CLANG_WARN_QUOTED_INCLUDE_IN_FRAMEWORK_HEADER = YES;
				CLANG_WARN_RANGE_LOOP_ANALYSIS = YES;
				CLANG_WARN_STRICT_PROTOTYPES = YES;
				CLANG_WARN_SUSPICIOUS_MOVE = YES;
				CLANG_WARN_UNGUARDED_AVAILABILITY = YES_AGGRESSIVE;
				CLANG_WARN_UNREACHABLE_CODE = YES;
				CLANG_WARN__DUPLICATE_METHOD_MATCH = YES;
				COPY_PHASE_STRIP = NO;
				DEBUG_INFORMATION_FORMAT = dwarf;
				ENABLE_STRICT_OBJC_MSGSEND = YES;
				ENABLE_TESTABILITY = YES;
				GCC_C_LANGUAGE_STANDARD = gnu11;
				GCC_DYNAMIC_NO_PIC = NO;
				GCC_NO_COMMON_BLOCKS = YES;
				GCC_OPTIMIZATION_LEVEL = 0;
				GCC_PREPROCESSOR_DEFINITIONS = (
					"DEBUG=1",
					"$(inherited)",
				);
				GCC_WARN_64_TO_32_BIT_CONVERSION = YES;
				GCC_WARN_ABOUT_RETURN_TYPE = YES_ERROR;
				GCC_WARN_UNDECLARED_SELECTOR = YES;
				GCC_WARN_UNINITIALIZED_AUTOS = YES_AGGRESSIVE;
				GCC_WARN_UNUSED_FUNCTION = YES;
				GCC_WARN_UNUSED_VARIABLE = YES;
				IPHONEOS_DEPLOYMENT_TARGET = 16.2;
				MTL_ENABLE_DEBUG_INFO = INCLUDE_SOURCE;
				MTL_FAST_MATH = YES;
				ONLY_ACTIVE_ARCH = YES;
				SDKROOT = iphoneos;
				SWIFT_ACTIVE_COMPILATION_CONDITIONS = DEBUG;
				SWIFT_OPTIMIZATION_LEVEL = "-Onone";
			};
			name = Debug;
		};
		9329AFA22982D73D004862D5 /* Release */ = {
			isa = XCBuildConfiguration;
			buildSettings = {
				ALWAYS_SEARCH_USER_PATHS = NO;
				CLANG_ANALYZER_NONNULL = YES;
				CLANG_ANALYZER_NUMBER_OBJECT_CONVERSION = YES_AGGRESSIVE;
				CLANG_CXX_LANGUAGE_STANDARD = "gnu++20";
				CLANG_ENABLE_MODULES = YES;
				CLANG_ENABLE_OBJC_ARC = YES;
				CLANG_ENABLE_OBJC_WEAK = YES;
				CLANG_WARN_BLOCK_CAPTURE_AUTORELEASING = YES;
				CLANG_WARN_BOOL_CONVERSION = YES;
				CLANG_WARN_COMMA = YES;
				CLANG_WARN_CONSTANT_CONVERSION = YES;
				CLANG_WARN_DEPRECATED_OBJC_IMPLEMENTATIONS = YES;
				CLANG_WARN_DIRECT_OBJC_ISA_USAGE = YES_ERROR;
				CLANG_WARN_DOCUMENTATION_COMMENTS = YES;
				CLANG_WARN_EMPTY_BODY = YES;
				CLANG_WARN_ENUM_CONVERSION = YES;
				CLANG_WARN_INFINITE_RECURSION = YES;
				CLANG_WARN_INT_CONVERSION = YES;
				CLANG_WARN_NON_LITERAL_NULL_CONVERSION = YES;
				CLANG_WARN_OBJC_IMPLICIT_RETAIN_SELF = YES;
				CLANG_WARN_OBJC_LITERAL_CONVERSION = YES;
				CLANG_WARN_OBJC_ROOT_CLASS = YES_ERROR;
				CLANG_WARN_QUOTED_INCLUDE_IN_FRAMEWORK_HEADER = YES;
				CLANG_WARN_RANGE_LOOP_ANALYSIS = YES;
				CLANG_WARN_STRICT_PROTOTYPES = YES;
				CLANG_WARN_SUSPICIOUS_MOVE = YES;
				CLANG_WARN_UNGUARDED_AVAILABILITY = YES_AGGRESSIVE;
				CLANG_WARN_UNREACHABLE_CODE = YES;
				CLANG_WARN__DUPLICATE_METHOD_MATCH = YES;
				COPY_PHASE_STRIP = NO;
				DEBUG_INFORMATION_FORMAT = "dwarf-with-dsym";
				ENABLE_NS_ASSERTIONS = NO;
				ENABLE_STRICT_OBJC_MSGSEND = YES;
				GCC_C_LANGUAGE_STANDARD = gnu11;
				GCC_NO_COMMON_BLOCKS = YES;
				GCC_WARN_64_TO_32_BIT_CONVERSION = YES;
				GCC_WARN_ABOUT_RETURN_TYPE = YES_ERROR;
				GCC_WARN_UNDECLARED_SELECTOR = YES;
				GCC_WARN_UNINITIALIZED_AUTOS = YES_AGGRESSIVE;
				GCC_WARN_UNUSED_FUNCTION = YES;
				GCC_WARN_UNUSED_VARIABLE = YES;
				IPHONEOS_DEPLOYMENT_TARGET = 16.2;
				MTL_ENABLE_DEBUG_INFO = NO;
				MTL_FAST_MATH = YES;
				SDKROOT = iphoneos;
				SWIFT_COMPILATION_MODE = wholemodule;
				SWIFT_OPTIMIZATION_LEVEL = "-O";
				VALIDATE_PRODUCT = YES;
			};
			name = Release;
		};
		9329AFA42982D73D004862D5 /* Debug */ = {
			isa = XCBuildConfiguration;
			baseConfigurationReference = 1D61511EC0FD78C3CEA03EE5 /* Pods-CurrencyConverter.debug.xcconfig */;
			buildSettings = {
				ASSETCATALOG_COMPILER_APPICON_NAME = AppIcon;
				ASSETCATALOG_COMPILER_GLOBAL_ACCENT_COLOR_NAME = AccentColor;
				CODE_SIGN_STYLE = Automatic;
				CURRENT_PROJECT_VERSION = 1;
				DEVELOPMENT_TEAM = S4TY76RP9W;
				GENERATE_INFOPLIST_FILE = YES;
				INFOPLIST_FILE = CurrencyConverter/Info.plist;
				INFOPLIST_KEY_UIApplicationSupportsIndirectInputEvents = YES;
				INFOPLIST_KEY_UILaunchStoryboardName = LaunchScreen;
				INFOPLIST_KEY_UISupportedInterfaceOrientations_iPad = "UIInterfaceOrientationPortrait UIInterfaceOrientationPortraitUpsideDown UIInterfaceOrientationLandscapeLeft UIInterfaceOrientationLandscapeRight";
				INFOPLIST_KEY_UISupportedInterfaceOrientations_iPhone = "UIInterfaceOrientationPortrait UIInterfaceOrientationLandscapeLeft UIInterfaceOrientationLandscapeRight";
				LD_RUNPATH_SEARCH_PATHS = (
					"$(inherited)",
					"@executable_path/Frameworks",
				);
				MARKETING_VERSION = 1.0;
				PRODUCT_BUNDLE_IDENTIFIER = com.umam.CurrencyConverter;
				PRODUCT_NAME = "$(TARGET_NAME)";
				SWIFT_EMIT_LOC_STRINGS = YES;
				SWIFT_VERSION = 5.0;
				TARGETED_DEVICE_FAMILY = "1,2";
			};
			name = Debug;
		};
		9329AFA52982D73D004862D5 /* Release */ = {
			isa = XCBuildConfiguration;
			baseConfigurationReference = BB1FC527A3B623C1161C6359 /* Pods-CurrencyConverter.release.xcconfig */;
			buildSettings = {
				ASSETCATALOG_COMPILER_APPICON_NAME = AppIcon;
				ASSETCATALOG_COMPILER_GLOBAL_ACCENT_COLOR_NAME = AccentColor;
				CODE_SIGN_STYLE = Automatic;
				CURRENT_PROJECT_VERSION = 1;
				DEVELOPMENT_TEAM = S4TY76RP9W;
				GENERATE_INFOPLIST_FILE = YES;
				INFOPLIST_FILE = CurrencyConverter/Info.plist;
				INFOPLIST_KEY_UIApplicationSupportsIndirectInputEvents = YES;
				INFOPLIST_KEY_UILaunchStoryboardName = LaunchScreen;
				INFOPLIST_KEY_UISupportedInterfaceOrientations_iPad = "UIInterfaceOrientationPortrait UIInterfaceOrientationPortraitUpsideDown UIInterfaceOrientationLandscapeLeft UIInterfaceOrientationLandscapeRight";
				INFOPLIST_KEY_UISupportedInterfaceOrientations_iPhone = "UIInterfaceOrientationPortrait UIInterfaceOrientationLandscapeLeft UIInterfaceOrientationLandscapeRight";
				LD_RUNPATH_SEARCH_PATHS = (
					"$(inherited)",
					"@executable_path/Frameworks",
				);
				MARKETING_VERSION = 1.0;
				PRODUCT_BUNDLE_IDENTIFIER = com.umam.CurrencyConverter;
				PRODUCT_NAME = "$(TARGET_NAME)";
				SWIFT_EMIT_LOC_STRINGS = YES;
				SWIFT_VERSION = 5.0;
				TARGETED_DEVICE_FAMILY = "1,2";
			};
			name = Release;
		};
		9329AFA72982D73D004862D5 /* Debug */ = {
			isa = XCBuildConfiguration;
			baseConfigurationReference = 4AA092005D7B47527E3A0B6B /* Pods-CurrencyConverterTests.debug.xcconfig */;
			buildSettings = {
				BUNDLE_LOADER = "$(TEST_HOST)";
				CODE_SIGN_STYLE = Automatic;
				CURRENT_PROJECT_VERSION = 1;
				DEVELOPMENT_TEAM = S4TY76RP9W;
				GENERATE_INFOPLIST_FILE = YES;
				IPHONEOS_DEPLOYMENT_TARGET = 16.2;
				MARKETING_VERSION = 1.0;
				PRODUCT_BUNDLE_IDENTIFIER = com.umam.CurrencyConverterTests;
				PRODUCT_NAME = "$(TARGET_NAME)";
				SWIFT_EMIT_LOC_STRINGS = NO;
				SWIFT_VERSION = 5.0;
				TARGETED_DEVICE_FAMILY = "1,2";
				TEST_HOST = "$(BUILT_PRODUCTS_DIR)/CurrencyConverter.app/$(BUNDLE_EXECUTABLE_FOLDER_PATH)/CurrencyConverter";
			};
			name = Debug;
		};
		9329AFA82982D73D004862D5 /* Release */ = {
			isa = XCBuildConfiguration;
			baseConfigurationReference = 7ACDDD606C87C6CBE363EEEA /* Pods-CurrencyConverterTests.release.xcconfig */;
			buildSettings = {
				BUNDLE_LOADER = "$(TEST_HOST)";
				CODE_SIGN_STYLE = Automatic;
				CURRENT_PROJECT_VERSION = 1;
				DEVELOPMENT_TEAM = S4TY76RP9W;
				GENERATE_INFOPLIST_FILE = YES;
				IPHONEOS_DEPLOYMENT_TARGET = 16.2;
				MARKETING_VERSION = 1.0;
				PRODUCT_BUNDLE_IDENTIFIER = com.umam.CurrencyConverterTests;
				PRODUCT_NAME = "$(TARGET_NAME)";
				SWIFT_EMIT_LOC_STRINGS = NO;
				SWIFT_VERSION = 5.0;
				TARGETED_DEVICE_FAMILY = "1,2";
				TEST_HOST = "$(BUILT_PRODUCTS_DIR)/CurrencyConverter.app/$(BUNDLE_EXECUTABLE_FOLDER_PATH)/CurrencyConverter";
			};
			name = Release;
		};
		9329AFAA2982D73D004862D5 /* Debug */ = {
			isa = XCBuildConfiguration;
			baseConfigurationReference = A9D25886AB6FDBB88D050994 /* Pods-CurrencyConverter-CurrencyConverterUITests.debug.xcconfig */;
			buildSettings = {
				CODE_SIGN_STYLE = Automatic;
				CURRENT_PROJECT_VERSION = 1;
				DEVELOPMENT_TEAM = S4TY76RP9W;
				GENERATE_INFOPLIST_FILE = YES;
				MARKETING_VERSION = 1.0;
				PRODUCT_BUNDLE_IDENTIFIER = com.umam.CurrencyConverterUITests;
				PRODUCT_NAME = "$(TARGET_NAME)";
				SWIFT_EMIT_LOC_STRINGS = NO;
				SWIFT_VERSION = 5.0;
				TARGETED_DEVICE_FAMILY = "1,2";
				TEST_TARGET_NAME = CurrencyConverter;
			};
			name = Debug;
		};
		9329AFAB2982D73D004862D5 /* Release */ = {
			isa = XCBuildConfiguration;
			baseConfigurationReference = A2AD3C4200417C7E6815A196 /* Pods-CurrencyConverter-CurrencyConverterUITests.release.xcconfig */;
			buildSettings = {
				CODE_SIGN_STYLE = Automatic;
				CURRENT_PROJECT_VERSION = 1;
				DEVELOPMENT_TEAM = S4TY76RP9W;
				GENERATE_INFOPLIST_FILE = YES;
				MARKETING_VERSION = 1.0;
				PRODUCT_BUNDLE_IDENTIFIER = com.umam.CurrencyConverterUITests;
				PRODUCT_NAME = "$(TARGET_NAME)";
				SWIFT_EMIT_LOC_STRINGS = NO;
				SWIFT_VERSION = 5.0;
				TARGETED_DEVICE_FAMILY = "1,2";
				TEST_TARGET_NAME = CurrencyConverter;
			};
			name = Release;
		};
/* End XCBuildConfiguration section */

/* Begin XCConfigurationList section */
		9329AF712982D73C004862D5 /* Build configuration list for PBXProject "CurrencyConverter" */ = {
			isa = XCConfigurationList;
			buildConfigurations = (
				9329AFA12982D73D004862D5 /* Debug */,
				9329AFA22982D73D004862D5 /* Release */,
			);
			defaultConfigurationIsVisible = 0;
			defaultConfigurationName = Release;
		};
		9329AFA32982D73D004862D5 /* Build configuration list for PBXNativeTarget "CurrencyConverter" */ = {
			isa = XCConfigurationList;
			buildConfigurations = (
				9329AFA42982D73D004862D5 /* Debug */,
				9329AFA52982D73D004862D5 /* Release */,
			);
			defaultConfigurationIsVisible = 0;
			defaultConfigurationName = Release;
		};
		9329AFA62982D73D004862D5 /* Build configuration list for PBXNativeTarget "CurrencyConverterTests" */ = {
			isa = XCConfigurationList;
			buildConfigurations = (
				9329AFA72982D73D004862D5 /* Debug */,
				9329AFA82982D73D004862D5 /* Release */,
			);
			defaultConfigurationIsVisible = 0;
			defaultConfigurationName = Release;
		};
		9329AFA92982D73D004862D5 /* Build configuration list for PBXNativeTarget "CurrencyConverterUITests" */ = {
			isa = XCConfigurationList;
			buildConfigurations = (
				9329AFAA2982D73D004862D5 /* Debug */,
				9329AFAB2982D73D004862D5 /* Release */,
			);
			defaultConfigurationIsVisible = 0;
			defaultConfigurationName = Release;
		};
/* End XCConfigurationList section */

/* Begin XCVersionGroup section */
		9329AF822982D73C004862D5 /* CurrencyConverter.xcdatamodeld */ = {
			isa = XCVersionGroup;
			children = (
				9329AF832982D73C004862D5 /* CurrencyConverter.xcdatamodel */,
			);
			currentVersion = 9329AF832982D73C004862D5 /* CurrencyConverter.xcdatamodel */;
			path = CurrencyConverter.xcdatamodeld;
			sourceTree = "<group>";
			versionGroupType = wrapper.xcdatamodel;
		};
/* End XCVersionGroup section */
	};
	rootObject = 9329AF6E2982D73C004862D5 /* Project object */;
}
